
Microsoft Visual Studio Solution File, Format Version 12.00
# Visual Studio Version 17
VisualStudioVersion = 17.5.002.0
MinimumVisualStudioVersion = 10.0.40219.1
Project("{9A19103F-16F7-4668-BE54-9A1E7A4F7556}") = "Desafio API", "Desafio API.csproj", "{9947FE57-C9C5-47E5-B0B8-42027A94B02E}"
EndProject
Global
	GlobalSection(SolutionConfigurationPlatforms) = preSolution
		Debug|Any CPU = Debug|Any CPU
		Release|Any CPU = Release|Any CPU
	EndGlobalSection
	GlobalSection(ProjectConfigurationPlatforms) = postSolution
		{9947FE57-C9C5-47E5-B0B8-42027A94B02E}.Debug|Any CPU.ActiveCfg = Debug|Any CPU
		{9947FE57-C9C5-47E5-B0B8-42027A94B02E}.Debug|Any CPU.Build.0 = Debug|Any CPU
		{9947FE57-C9C5-47E5-B0B8-42027A94B02E}.Release|Any CPU.ActiveCfg = Release|Any CPU
		{9947FE57-C9C5-47E5-B0B8-42027A94B02E}.Release|Any CPU.Build.0 = Release|Any CPU
	EndGlobalSection
	GlobalSection(SolutionProperties) = preSolution
		HideSolutionNode = FALSE
	EndGlobalSection
	GlobalSection(ExtensibilityGlobals) = postSolution
		SolutionGuid = {F98BACCA-4830-4998-B6FF-07061009E1DF}
	EndGlobalSection
EndGlobal
